<?xml version="1.0" encoding="utf-8"?>
<Project ToolsVersion="4.0" xmlns="http://schemas.microsoft.com/developer/msbuild/2003">
  <ItemGroup>
    <ClCompile Include="src\main.cpp" />
    <ClCompile Include="src\window.cpp" />
    <ClCompile Include="src\asteroid.cpp" />
    <ClCompile Include="src\bullet.cpp" />
    <ClCompile Include="_Interfaces\_game_obj.cpp" />
    <ClCompile Include="src\player_ship.cpp" />
    <ClCompile Include="src\enemy_ship.cpp" />
    <ClCompile Include="src\show_remain_lives.cpp" />
    <ClCompile Include="src\show_score.cpp" />
  </ItemGroup>
  <ItemGroup>
    <ClInclude Include="headers\window.hpp" />
    <ClInclude Include="headers\asteroid.hpp" />
    <ClInclude Include="headers\player_ship.hpp" />
    <ClInclude Include="_Interfaces\_game_obj.hpp" />
    <ClInclude Include="data\player_ship_data.hpp" />
    <ClInclude Include="headers\bullet.hpp" />
    <ClInclude Include="data\bullet_data.hpp" />
    <ClInclude Include="data\big_asteroid_data.hpp" />
    <ClInclude Include="data\medium_asteroid_data.hpp" />
    <ClInclude Include="data\small_asteroid_data.hpp" />
    <ClInclude Include="superceded\old_main.hpp" />
    <ClInclude Include="headers\show_score.hpp" />
    <ClInclude Include="_Interfaces\_message.hpp" />
    <ClInclude Include="headers\enemy_ship.hpp" />
    <ClInclude Include="data\small_enemy_ship_data.hpp" />
    <ClInclude Include="data\big_enemy_ship_data.hpp" />
    <ClInclude Include="headers\random_num.hpp" />
    <ClInclude Include="headers\show_remain_lives.hpp" />
    <ClInclude Include="headers\game_over.hpp" />
    <ClInclude Include="headers\show_message.hpp" />
    <ClInclude Include="structs\pointd.hpp" />
    <ClInclude Include="structs\msg.hpp" />
    <ClInclude Include="data\show_lives_data.hpp" />
    <ClInclude Include="structs\color_obj.hpp" />
    <ClInclude Include="data\game_control.hpp" />
    <ClInclude Include="headers\sounds.hpp" />
  </ItemGroup>
  <ItemGroup>
    <Font Include="data\Vector Battle.ttf" />
    <Font Include="data\Vector_Battle.ttf" />
  </ItemGroup>
  <ItemGroup>
    <Text Include="src\README.txt" />
  </ItemGroup>
  <ItemGroup>
    <Media Include="sounds\explode_big_asteroid.wav" />
    <Media Include="sounds\explode_medium_asteroid.wav" />
    <Media Include="sounds\explode_small_asteroid.wav" />
    <Media Include="sounds\game_heart_beat.wav" />
    <Media Include="sounds\extra_ship.wav" />
    <Media Include="sounds\saucer_big.wav" />
    <Media Include="sounds\saucer_small.wav" />
    <Media Include="sounds\ship_explode.wav" />
    <Media Include="sounds\ship_shoot.wav" />
    <Media Include="sounds\ship_thrust.wav" />
  </ItemGroup>
</Project>